
Microsoft Visual Studio Solution File, Format Version 12.00
# Visual Studio 15
VisualStudioVersion = 15.0.26430.16
MinimumVisualStudioVersion = 10.0.40219.1
Project("{FAE04EC0-301F-11D3-BF4B-00C04F79EFBC}") = "L01-WeekDay", "L01-WeekDay\L01-WeekDay.csproj", "{F96318EC-D2FA-47C0-B8FB-D72453E1B3C3}"
EndProject
Project("{FAE04EC0-301F-11D3-BF4B-00C04F79EFBC}") = "L02-CoffeeMachine", "L02-CoffeeMachine\L02-CoffeeMachine.csproj", "{460E99D8-7BEC-4D9E-B581-B8B34F32FC96}"
EndProject
Project("{FAE04EC0-301F-11D3-BF4B-00C04F79EFBC}") = "L03-Attributes", "L03-Attributes\L03-Attributes.csproj", "{F654BEC6-718F-42CD-AD34-E0FF7B692FD9}"
EndProject
Project("{FAE04EC0-301F-11D3-BF4B-00C04F79EFBC}") = "L04-Tracker", "L04-Tracker\L04-Tracker.csproj", "{5CAC491B-73C1-448C-8CA6-8C1299E703DD}"
EndProject
Project("{FAE04EC0-301F-11D3-BF4B-00C04F79EFBC}") = "E01-CardSuit", "E01-CardSuit\E01-CardSuit.csproj", "{5D9D5D7B-8F17-4781-BE7A-7502D0E42677}"
EndProject
Project("{FAE04EC0-301F-11D3-BF4B-00C04F79EFBC}") = "E02-CardRank", "E02-CardRank\E02-CardRank.csproj", "{EC0582AB-0240-4F43-92EB-B9ABEF9EF7B2}"
EndProject
Project("{FAE04EC0-301F-11D3-BF4B-00C04F79EFBC}") = "E03-CardPower", "E03-CardPower\E03-CardPower.csproj", "{0A89FB70-3B57-45F4-8251-5A2A81995FA3}"
EndProject
Project("{FAE04EC0-301F-11D3-BF4B-00C04F79EFBC}") = "E04-CardToString", "E04-CardToString\E04-CardToString.csproj", "{C345CF49-AD14-43BB-96CD-2C745A76558A}"
EndProject
Project("{FAE04EC0-301F-11D3-BF4B-00C04F79EFBC}") = "E05-CardCompareTo", "E05-CardCompareTo\E05-CardCompareTo.csproj", "{101244B1-C259-445F-BBA5-8FCB8ECAEBA4}"
EndProject
Project("{FAE04EC0-301F-11D3-BF4B-00C04F79EFBC}") = "E06-CustomEnumAttribute", "E06-CustomEnumAttribute\E06-CustomEnumAttribute.csproj", "{703CF9D4-A98F-41AD-B785-77AE91DFCEBE}"
EndProject
Project("{FAE04EC0-301F-11D3-BF4B-00C04F79EFBC}") = "E07-DeckOfCards", "E07-DeckOfCards\E07-DeckOfCards.csproj", "{968AB560-42DD-4553-98B1-97BBF1D492A0}"
EndProject
Project("{FAE04EC0-301F-11D3-BF4B-00C04F79EFBC}") = "E08-CardGame", "E08-CardGame\E08-CardGame.csproj", "{574EEE69-B49F-41A2-8534-49AE00B40480}"
EndProject
Project("{FAE04EC0-301F-11D3-BF4B-00C04F79EFBC}") = "E09-TrafficLights", "E09-TrafficLights\E09-TrafficLights.csproj", "{EE990E3F-EA32-46DF-A2AE-26AD689BBBCC}"
EndProject
Project("{FAE04EC0-301F-11D3-BF4B-00C04F79EFBC}") = "E10-CreateCustomClassAttribute", "E10-CreateCustomClassAttribute\E10-CreateCustomClassAttribute.csproj", "{70E77F95-D106-46F0-AF1E-CA4F15E94349}"
EndProject
Project("{FAE04EC0-301F-11D3-BF4B-00C04F79EFBC}") = "E11-InfernoInfinity", "E11-InfernoInfinity\E11-InfernoInfinity.csproj", "{04F8B0AC-0B40-44CD-BF9C-D386F781F2CB}"
EndProject
Global
	GlobalSection(SolutionConfigurationPlatforms) = preSolution
		Debug|Any CPU = Debug|Any CPU
		Release|Any CPU = Release|Any CPU
	EndGlobalSection
	GlobalSection(ProjectConfigurationPlatforms) = postSolution
		{F96318EC-D2FA-47C0-B8FB-D72453E1B3C3}.Debug|Any CPU.ActiveCfg = Debug|Any CPU
		{F96318EC-D2FA-47C0-B8FB-D72453E1B3C3}.Debug|Any CPU.Build.0 = Debug|Any CPU
		{F96318EC-D2FA-47C0-B8FB-D72453E1B3C3}.Release|Any CPU.ActiveCfg = Release|Any CPU
		{F96318EC-D2FA-47C0-B8FB-D72453E1B3C3}.Release|Any CPU.Build.0 = Release|Any CPU
		{460E99D8-7BEC-4D9E-B581-B8B34F32FC96}.Debug|Any CPU.ActiveCfg = Debug|Any CPU
		{460E99D8-7BEC-4D9E-B581-B8B34F32FC96}.Debug|Any CPU.Build.0 = Debug|Any CPU
		{460E99D8-7BEC-4D9E-B581-B8B34F32FC96}.Release|Any CPU.ActiveCfg = Release|Any CPU
		{460E99D8-7BEC-4D9E-B581-B8B34F32FC96}.Release|Any CPU.Build.0 = Release|Any CPU
		{F654BEC6-718F-42CD-AD34-E0FF7B692FD9}.Debug|Any CPU.ActiveCfg = Debug|Any CPU
		{F654BEC6-718F-42CD-AD34-E0FF7B692FD9}.Debug|Any CPU.Build.0 = Debug|Any CPU
		{F654BEC6-718F-42CD-AD34-E0FF7B692FD9}.Release|Any CPU.ActiveCfg = Release|Any CPU
		{F654BEC6-718F-42CD-AD34-E0FF7B692FD9}.Release|Any CPU.Build.0 = Release|Any CPU
		{5CAC491B-73C1-448C-8CA6-8C1299E703DD}.Debug|Any CPU.ActiveCfg = Debug|Any CPU
		{5CAC491B-73C1-448C-8CA6-8C1299E703DD}.Debug|Any CPU.Build.0 = Debug|Any CPU
		{5CAC491B-73C1-448C-8CA6-8C1299E703DD}.Release|Any CPU.ActiveCfg = Release|Any CPU
		{5CAC491B-73C1-448C-8CA6-8C1299E703DD}.Release|Any CPU.Build.0 = Release|Any CPU
		{5D9D5D7B-8F17-4781-BE7A-7502D0E42677}.Debug|Any CPU.ActiveCfg = Debug|Any CPU
		{5D9D5D7B-8F17-4781-BE7A-7502D0E42677}.Debug|Any CPU.Build.0 = Debug|Any CPU
		{5D9D5D7B-8F17-4781-BE7A-7502D0E42677}.Release|Any CPU.ActiveCfg = Release|Any CPU
		{5D9D5D7B-8F17-4781-BE7A-7502D0E42677}.Release|Any CPU.Build.0 = Release|Any CPU
		{EC0582AB-0240-4F43-92EB-B9ABEF9EF7B2}.Debug|Any CPU.ActiveCfg = Debug|Any CPU
		{EC0582AB-0240-4F43-92EB-B9ABEF9EF7B2}.Debug|Any CPU.Build.0 = Debug|Any CPU
		{EC0582AB-0240-4F43-92EB-B9ABEF9EF7B2}.Release|Any CPU.ActiveCfg = Release|Any CPU
		{EC0582AB-0240-4F43-92EB-B9ABEF9EF7B2}.Release|Any CPU.Build.0 = Release|Any CPU
		{0A89FB70-3B57-45F4-8251-5A2A81995FA3}.Debug|Any CPU.ActiveCfg = Debug|Any CPU
		{0A89FB70-3B57-45F4-8251-5A2A81995FA3}.Debug|Any CPU.Build.0 = Debug|Any CPU
		{0A89FB70-3B57-45F4-8251-5A2A81995FA3}.Release|Any CPU.ActiveCfg = Release|Any CPU
		{0A89FB70-3B57-45F4-8251-5A2A81995FA3}.Release|Any CPU.Build.0 = Release|Any CPU
		{C345CF49-AD14-43BB-96CD-2C745A76558A}.Debug|Any CPU.ActiveCfg = Debug|Any CPU
		{C345CF49-AD14-43BB-96CD-2C745A76558A}.Debug|Any CPU.Build.0 = Debug|Any CPU
		{C345CF49-AD14-43BB-96CD-2C745A76558A}.Release|Any CPU.ActiveCfg = Release|Any CPU
		{C345CF49-AD14-43BB-96CD-2C745A76558A}.Release|Any CPU.Build.0 = Release|Any CPU
		{101244B1-C259-445F-BBA5-8FCB8ECAEBA4}.Debug|Any CPU.ActiveCfg = Debug|Any CPU
		{101244B1-C259-445F-BBA5-8FCB8ECAEBA4}.Debug|Any CPU.Build.0 = Debug|Any CPU
		{101244B1-C259-445F-BBA5-8FCB8ECAEBA4}.Release|Any CPU.ActiveCfg = Release|Any CPU
		{101244B1-C259-445F-BBA5-8FCB8ECAEBA4}.Release|Any CPU.Build.0 = Release|Any CPU
		{703CF9D4-A98F-41AD-B785-77AE91DFCEBE}.Debug|Any CPU.ActiveCfg = Debug|Any CPU
		{703CF9D4-A98F-41AD-B785-77AE91DFCEBE}.Debug|Any CPU.Build.0 = Debug|Any CPU
		{703CF9D4-A98F-41AD-B785-77AE91DFCEBE}.Release|Any CPU.ActiveCfg = Release|Any CPU
		{703CF9D4-A98F-41AD-B785-77AE91DFCEBE}.Release|Any CPU.Build.0 = Release|Any CPU
		{968AB560-42DD-4553-98B1-97BBF1D492A0}.Debug|Any CPU.ActiveCfg = Debug|Any CPU
		{968AB560-42DD-4553-98B1-97BBF1D492A0}.Debug|Any CPU.Build.0 = Debug|Any CPU
		{968AB560-42DD-4553-98B1-97BBF1D492A0}.Release|Any CPU.ActiveCfg = Release|Any CPU
		{968AB560-42DD-4553-98B1-97BBF1D492A0}.Release|Any CPU.Build.0 = Release|Any CPU
		{574EEE69-B49F-41A2-8534-49AE00B40480}.Debug|Any CPU.ActiveCfg = Debug|Any CPU
		{574EEE69-B49F-41A2-8534-49AE00B40480}.Debug|Any CPU.Build.0 = Debug|Any CPU
		{574EEE69-B49F-41A2-8534-49AE00B40480}.Release|Any CPU.ActiveCfg = Release|Any CPU
		{574EEE69-B49F-41A2-8534-49AE00B40480}.Release|Any CPU.Build.0 = Release|Any CPU
		{EE990E3F-EA32-46DF-A2AE-26AD689BBBCC}.Debug|Any CPU.ActiveCfg = Debug|Any CPU
		{EE990E3F-EA32-46DF-A2AE-26AD689BBBCC}.Debug|Any CPU.Build.0 = Debug|Any CPU
		{EE990E3F-EA32-46DF-A2AE-26AD689BBBCC}.Release|Any CPU.ActiveCfg = Release|Any CPU
		{EE990E3F-EA32-46DF-A2AE-26AD689BBBCC}.Release|Any CPU.Build.0 = Release|Any CPU
		{70E77F95-D106-46F0-AF1E-CA4F15E94349}.Debug|Any CPU.ActiveCfg = Debug|Any CPU
		{70E77F95-D106-46F0-AF1E-CA4F15E94349}.Debug|Any CPU.Build.0 = Debug|Any CPU
		{70E77F95-D106-46F0-AF1E-CA4F15E94349}.Release|Any CPU.ActiveCfg = Release|Any CPU
		{70E77F95-D106-46F0-AF1E-CA4F15E94349}.Release|Any CPU.Build.0 = Release|Any CPU
		{04F8B0AC-0B40-44CD-BF9C-D386F781F2CB}.Debug|Any CPU.ActiveCfg = Debug|Any CPU
		{04F8B0AC-0B40-44CD-BF9C-D386F781F2CB}.Debug|Any CPU.Build.0 = Debug|Any CPU
		{04F8B0AC-0B40-44CD-BF9C-D386F781F2CB}.Release|Any CPU.ActiveCfg = Release|Any CPU
		{04F8B0AC-0B40-44CD-BF9C-D386F781F2CB}.Release|Any CPU.Build.0 = Release|Any CPU
	EndGlobalSection
	GlobalSection(SolutionProperties) = preSolution
		HideSolutionNode = FALSE
	EndGlobalSection
EndGlobal
