
Microsoft Visual Studio Solution File, Format Version 12.00
# Visual Studio 15
VisualStudioVersion = 15.0.26430.16
MinimumVisualStudioVersion = 10.0.40219.1
Project("{FAE04EC0-301F-11D3-BF4B-00C04F79EFBC}") = "L01-Box", "L01-Box\L01-Box.csproj", "{17E469D1-E54E-43C9-8977-A555231F469E}"
EndProject
Project("{FAE04EC0-301F-11D3-BF4B-00C04F79EFBC}") = "L02-GenericArrayCreator", "L02-GenericArrayCreator\L02-GenericArrayCreator.csproj", "{DBE53F00-5BB7-4D31-8409-264169FD5241}"
EndProject
Project("{FAE04EC0-301F-11D3-BF4B-00C04F79EFBC}") = "L03-GenericScale", "L03-GenericScale\L03-GenericScale.csproj", "{1154C276-CA1D-47A7-8716-DEDB61D593D9}"
EndProject
Project("{FAE04EC0-301F-11D3-BF4B-00C04F79EFBC}") = "E01-GenericBoxOfString", "E01-GenericBoxOfString\E01-GenericBoxOfString.csproj", "{F6882345-D535-4237-9FDC-3BFFBF7E6F8A}"
EndProject
Project("{FAE04EC0-301F-11D3-BF4B-00C04F79EFBC}") = "E02-GenericBoxOfInteger", "E02-GenericBoxOfInteger\E02-GenericBoxOfInteger.csproj", "{5E427303-6B8E-40C4-BCE3-A87A24A62818}"
EndProject
Project("{FAE04EC0-301F-11D3-BF4B-00C04F79EFBC}") = "E03-GenericSwapMethodString", "E03-GenericSwapMethodString\E03-GenericSwapMethodString.csproj", "{228ADF91-BAF1-4167-A1A6-7C1ADDBC1430}"
EndProject
Project("{FAE04EC0-301F-11D3-BF4B-00C04F79EFBC}") = "E04-GenericSwapMethodIntegers", "E04-GenericSwapMethodIntegers\E04-GenericSwapMethodIntegers.csproj", "{B43BFE71-FA2C-4D1B-8905-086578660926}"
EndProject
Project("{FAE04EC0-301F-11D3-BF4B-00C04F79EFBC}") = "E05-GenericCountMethodString", "E05-GenericCountMethodString\E05-GenericCountMethodString.csproj", "{77A74E55-ABD7-4288-B72D-73E28E2A750A}"
EndProject
Project("{FAE04EC0-301F-11D3-BF4B-00C04F79EFBC}") = "E06-GenericCountMethodDouble", "E06-GenericCountMethodDouble\E06-GenericCountMethodDouble.csproj", "{D0611D4C-B07E-4CD9-AC4D-2115F5445070}"
EndProject
Project("{FAE04EC0-301F-11D3-BF4B-00C04F79EFBC}") = "E07-CustomList", "E07-CustomList\E07-CustomList.csproj", "{FB6A9ABE-9FF3-4365-B64A-D99C8DF145BA}"
EndProject
Project("{FAE04EC0-301F-11D3-BF4B-00C04F79EFBC}") = "E08-CustomListSorter", "E08-CustomListSorter\E08-CustomListSorter.csproj", "{591CF3DF-1E55-4264-AEF6-BD0AFE1D61C2}"
EndProject
Project("{FAE04EC0-301F-11D3-BF4B-00C04F79EFBC}") = "E09-CustomListIterator", "E09-CustomListIterator\E09-CustomListIterator.csproj", "{07EC96C8-D509-4585-94FD-2DABAD2269A5}"
EndProject
Project("{FAE04EC0-301F-11D3-BF4B-00C04F79EFBC}") = "E10-Tuple", "E10-Tuple\E10-Tuple.csproj", "{429C107E-883A-4D0C-833C-BAF60AAE0208}"
EndProject
Project("{FAE04EC0-301F-11D3-BF4B-00C04F79EFBC}") = "E11-Threeuple", "E11-Threeuple\E11-Threeuple.csproj", "{07CD4F61-266F-46EC-8550-01D12D1839AA}"
EndProject
Global
	GlobalSection(SolutionConfigurationPlatforms) = preSolution
		Debug|Any CPU = Debug|Any CPU
		Release|Any CPU = Release|Any CPU
	EndGlobalSection
	GlobalSection(ProjectConfigurationPlatforms) = postSolution
		{17E469D1-E54E-43C9-8977-A555231F469E}.Debug|Any CPU.ActiveCfg = Debug|Any CPU
		{17E469D1-E54E-43C9-8977-A555231F469E}.Debug|Any CPU.Build.0 = Debug|Any CPU
		{17E469D1-E54E-43C9-8977-A555231F469E}.Release|Any CPU.ActiveCfg = Release|Any CPU
		{17E469D1-E54E-43C9-8977-A555231F469E}.Release|Any CPU.Build.0 = Release|Any CPU
		{DBE53F00-5BB7-4D31-8409-264169FD5241}.Debug|Any CPU.ActiveCfg = Debug|Any CPU
		{DBE53F00-5BB7-4D31-8409-264169FD5241}.Debug|Any CPU.Build.0 = Debug|Any CPU
		{DBE53F00-5BB7-4D31-8409-264169FD5241}.Release|Any CPU.ActiveCfg = Release|Any CPU
		{DBE53F00-5BB7-4D31-8409-264169FD5241}.Release|Any CPU.Build.0 = Release|Any CPU
		{1154C276-CA1D-47A7-8716-DEDB61D593D9}.Debug|Any CPU.ActiveCfg = Debug|Any CPU
		{1154C276-CA1D-47A7-8716-DEDB61D593D9}.Debug|Any CPU.Build.0 = Debug|Any CPU
		{1154C276-CA1D-47A7-8716-DEDB61D593D9}.Release|Any CPU.ActiveCfg = Release|Any CPU
		{1154C276-CA1D-47A7-8716-DEDB61D593D9}.Release|Any CPU.Build.0 = Release|Any CPU
		{F6882345-D535-4237-9FDC-3BFFBF7E6F8A}.Debug|Any CPU.ActiveCfg = Debug|Any CPU
		{F6882345-D535-4237-9FDC-3BFFBF7E6F8A}.Debug|Any CPU.Build.0 = Debug|Any CPU
		{F6882345-D535-4237-9FDC-3BFFBF7E6F8A}.Release|Any CPU.ActiveCfg = Release|Any CPU
		{F6882345-D535-4237-9FDC-3BFFBF7E6F8A}.Release|Any CPU.Build.0 = Release|Any CPU
		{5E427303-6B8E-40C4-BCE3-A87A24A62818}.Debug|Any CPU.ActiveCfg = Debug|Any CPU
		{5E427303-6B8E-40C4-BCE3-A87A24A62818}.Debug|Any CPU.Build.0 = Debug|Any CPU
		{5E427303-6B8E-40C4-BCE3-A87A24A62818}.Release|Any CPU.ActiveCfg = Release|Any CPU
		{5E427303-6B8E-40C4-BCE3-A87A24A62818}.Release|Any CPU.Build.0 = Release|Any CPU
		{228ADF91-BAF1-4167-A1A6-7C1ADDBC1430}.Debug|Any CPU.ActiveCfg = Debug|Any CPU
		{228ADF91-BAF1-4167-A1A6-7C1ADDBC1430}.Debug|Any CPU.Build.0 = Debug|Any CPU
		{228ADF91-BAF1-4167-A1A6-7C1ADDBC1430}.Release|Any CPU.ActiveCfg = Release|Any CPU
		{228ADF91-BAF1-4167-A1A6-7C1ADDBC1430}.Release|Any CPU.Build.0 = Release|Any CPU
		{B43BFE71-FA2C-4D1B-8905-086578660926}.Debug|Any CPU.ActiveCfg = Debug|Any CPU
		{B43BFE71-FA2C-4D1B-8905-086578660926}.Debug|Any CPU.Build.0 = Debug|Any CPU
		{B43BFE71-FA2C-4D1B-8905-086578660926}.Release|Any CPU.ActiveCfg = Release|Any CPU
		{B43BFE71-FA2C-4D1B-8905-086578660926}.Release|Any CPU.Build.0 = Release|Any CPU
		{77A74E55-ABD7-4288-B72D-73E28E2A750A}.Debug|Any CPU.ActiveCfg = Debug|Any CPU
		{77A74E55-ABD7-4288-B72D-73E28E2A750A}.Debug|Any CPU.Build.0 = Debug|Any CPU
		{77A74E55-ABD7-4288-B72D-73E28E2A750A}.Release|Any CPU.ActiveCfg = Release|Any CPU
		{77A74E55-ABD7-4288-B72D-73E28E2A750A}.Release|Any CPU.Build.0 = Release|Any CPU
		{D0611D4C-B07E-4CD9-AC4D-2115F5445070}.Debug|Any CPU.ActiveCfg = Debug|Any CPU
		{D0611D4C-B07E-4CD9-AC4D-2115F5445070}.Debug|Any CPU.Build.0 = Debug|Any CPU
		{D0611D4C-B07E-4CD9-AC4D-2115F5445070}.Release|Any CPU.ActiveCfg = Release|Any CPU
		{D0611D4C-B07E-4CD9-AC4D-2115F5445070}.Release|Any CPU.Build.0 = Release|Any CPU
		{FB6A9ABE-9FF3-4365-B64A-D99C8DF145BA}.Debug|Any CPU.ActiveCfg = Debug|Any CPU
		{FB6A9ABE-9FF3-4365-B64A-D99C8DF145BA}.Debug|Any CPU.Build.0 = Debug|Any CPU
		{FB6A9ABE-9FF3-4365-B64A-D99C8DF145BA}.Release|Any CPU.ActiveCfg = Release|Any CPU
		{FB6A9ABE-9FF3-4365-B64A-D99C8DF145BA}.Release|Any CPU.Build.0 = Release|Any CPU
		{591CF3DF-1E55-4264-AEF6-BD0AFE1D61C2}.Debug|Any CPU.ActiveCfg = Debug|Any CPU
		{591CF3DF-1E55-4264-AEF6-BD0AFE1D61C2}.Debug|Any CPU.Build.0 = Debug|Any CPU
		{591CF3DF-1E55-4264-AEF6-BD0AFE1D61C2}.Release|Any CPU.ActiveCfg = Release|Any CPU
		{591CF3DF-1E55-4264-AEF6-BD0AFE1D61C2}.Release|Any CPU.Build.0 = Release|Any CPU
		{07EC96C8-D509-4585-94FD-2DABAD2269A5}.Debug|Any CPU.ActiveCfg = Debug|Any CPU
		{07EC96C8-D509-4585-94FD-2DABAD2269A5}.Debug|Any CPU.Build.0 = Debug|Any CPU
		{07EC96C8-D509-4585-94FD-2DABAD2269A5}.Release|Any CPU.ActiveCfg = Release|Any CPU
		{07EC96C8-D509-4585-94FD-2DABAD2269A5}.Release|Any CPU.Build.0 = Release|Any CPU
		{429C107E-883A-4D0C-833C-BAF60AAE0208}.Debug|Any CPU.ActiveCfg = Debug|Any CPU
		{429C107E-883A-4D0C-833C-BAF60AAE0208}.Debug|Any CPU.Build.0 = Debug|Any CPU
		{429C107E-883A-4D0C-833C-BAF60AAE0208}.Release|Any CPU.ActiveCfg = Release|Any CPU
		{429C107E-883A-4D0C-833C-BAF60AAE0208}.Release|Any CPU.Build.0 = Release|Any CPU
		{07CD4F61-266F-46EC-8550-01D12D1839AA}.Debug|Any CPU.ActiveCfg = Debug|Any CPU
		{07CD4F61-266F-46EC-8550-01D12D1839AA}.Debug|Any CPU.Build.0 = Debug|Any CPU
		{07CD4F61-266F-46EC-8550-01D12D1839AA}.Release|Any CPU.ActiveCfg = Release|Any CPU
		{07CD4F61-266F-46EC-8550-01D12D1839AA}.Release|Any CPU.Build.0 = Release|Any CPU
	EndGlobalSection
	GlobalSection(SolutionProperties) = preSolution
		HideSolutionNode = FALSE
	EndGlobalSection
EndGlobal
