
Microsoft Visual Studio Solution File, Format Version 12.00
# Visual Studio 15
VisualStudioVersion = 15.0.26430.16
MinimumVisualStudioVersion = 10.0.40219.1
Project("{FAE04EC0-301F-11D3-BF4B-00C04F79EFBC}") = "L01-Box", "L01-Box\L01-Box.csproj", "{17E469D1-E54E-43C9-8977-A555231F469E}"
EndProject
Project("{FAE04EC0-301F-11D3-BF4B-00C04F79EFBC}") = "L02-GenericArrayCreator", "L02-GenericArrayCreator\L02-GenericArrayCreator.csproj", "{DBE53F00-5BB7-4D31-8409-264169FD5241}"
EndProject
Project("{FAE04EC0-301F-11D3-BF4B-00C04F79EFBC}") = "L03-GenericScale", "L03-GenericScale\L03-GenericScale.csproj", "{1154C276-CA1D-47A7-8716-DEDB61D593D9}"
EndProject
Project("{FAE04EC0-301F-11D3-BF4B-00C04F79EFBC}") = "E01-GenericBoxOfString", "E01-GenericBoxOfString\E01-GenericBoxOfString.csproj", "{F6882345-D535-4237-9FDC-3BFFBF7E6F8A}"
EndProject
Project("{FAE04EC0-301F-11D3-BF4B-00C04F79EFBC}") = "E02-GenericBoxOfInteger", "E02-GenericBoxOfInteger\E02-GenericBoxOfInteger.csproj", "{5E427303-6B8E-40C4-BCE3-A87A24A62818}"
EndProject
Global
	GlobalSection(SolutionConfigurationPlatforms) = preSolution
		Debug|Any CPU = Debug|Any CPU
		Release|Any CPU = Release|Any CPU
	EndGlobalSection
	GlobalSection(ProjectConfigurationPlatforms) = postSolution
		{17E469D1-E54E-43C9-8977-A555231F469E}.Debug|Any CPU.ActiveCfg = Debug|Any CPU
		{17E469D1-E54E-43C9-8977-A555231F469E}.Debug|Any CPU.Build.0 = Debug|Any CPU
		{17E469D1-E54E-43C9-8977-A555231F469E}.Release|Any CPU.ActiveCfg = Release|Any CPU
		{17E469D1-E54E-43C9-8977-A555231F469E}.Release|Any CPU.Build.0 = Release|Any CPU
		{DBE53F00-5BB7-4D31-8409-264169FD5241}.Debug|Any CPU.ActiveCfg = Debug|Any CPU
		{DBE53F00-5BB7-4D31-8409-264169FD5241}.Debug|Any CPU.Build.0 = Debug|Any CPU
		{DBE53F00-5BB7-4D31-8409-264169FD5241}.Release|Any CPU.ActiveCfg = Release|Any CPU
		{DBE53F00-5BB7-4D31-8409-264169FD5241}.Release|Any CPU.Build.0 = Release|Any CPU
		{1154C276-CA1D-47A7-8716-DEDB61D593D9}.Debug|Any CPU.ActiveCfg = Debug|Any CPU
		{1154C276-CA1D-47A7-8716-DEDB61D593D9}.Debug|Any CPU.Build.0 = Debug|Any CPU
		{1154C276-CA1D-47A7-8716-DEDB61D593D9}.Release|Any CPU.ActiveCfg = Release|Any CPU
		{1154C276-CA1D-47A7-8716-DEDB61D593D9}.Release|Any CPU.Build.0 = Release|Any CPU
		{F6882345-D535-4237-9FDC-3BFFBF7E6F8A}.Debug|Any CPU.ActiveCfg = Debug|Any CPU
		{F6882345-D535-4237-9FDC-3BFFBF7E6F8A}.Debug|Any CPU.Build.0 = Debug|Any CPU
		{F6882345-D535-4237-9FDC-3BFFBF7E6F8A}.Release|Any CPU.ActiveCfg = Release|Any CPU
		{F6882345-D535-4237-9FDC-3BFFBF7E6F8A}.Release|Any CPU.Build.0 = Release|Any CPU
		{5E427303-6B8E-40C4-BCE3-A87A24A62818}.Debug|Any CPU.ActiveCfg = Debug|Any CPU
		{5E427303-6B8E-40C4-BCE3-A87A24A62818}.Debug|Any CPU.Build.0 = Debug|Any CPU
		{5E427303-6B8E-40C4-BCE3-A87A24A62818}.Release|Any CPU.ActiveCfg = Release|Any CPU
		{5E427303-6B8E-40C4-BCE3-A87A24A62818}.Release|Any CPU.Build.0 = Release|Any CPU
	EndGlobalSection
	GlobalSection(SolutionProperties) = preSolution
		HideSolutionNode = FALSE
	EndGlobalSection
EndGlobal
