
Microsoft Visual Studio Solution File, Format Version 12.00
# Visual Studio 15
VisualStudioVersion = 15.0.26430.16
MinimumVisualStudioVersion = 10.0.40219.1
Project("{FAE04EC0-301F-11D3-BF4B-00C04F79EFBC}") = "L01-Shapes", "L01-Shapes\L01-Shapes.csproj", "{50711F6B-0809-43B4-8A7C-ED6334413E3D}"
EndProject
Project("{FAE04EC0-301F-11D3-BF4B-00C04F79EFBC}") = "L02-Cars", "L02-Cars\L02-Cars.csproj", "{A7CEB9E1-3154-4E06-90BC-49E87F74B1BA}"
EndProject
Project("{FAE04EC0-301F-11D3-BF4B-00C04F79EFBC}") = "E01-DefineAnInterfaceIPerson", "E01-DefineAnInterfaceIPerson\E01-DefineAnInterfaceIPerson.csproj", "{674FE359-ACC6-4325-B9B6-B0F6A05A02B9}"
EndProject
Project("{FAE04EC0-301F-11D3-BF4B-00C04F79EFBC}") = "E02-MultipleImplementation", "E02-MultipleImplementation\E02-MultipleImplementation.csproj", "{A9CDEE73-FD0D-4304-9265-C7EAFD3828B4}"
EndProject
Project("{FAE04EC0-301F-11D3-BF4B-00C04F79EFBC}") = "E03-Ferrari", "E03-Ferrari\E03-Ferrari.csproj", "{8289BD5E-4B0D-4D33-BA50-6F41CDA2FA0C}"
EndProject
Project("{FAE04EC0-301F-11D3-BF4B-00C04F79EFBC}") = "E04-Telephony", "E04-Telephony\E04-Telephony.csproj", "{BCBA6E5F-F519-4BD6-852A-07F02B823A01}"
EndProject
Project("{FAE04EC0-301F-11D3-BF4B-00C04F79EFBC}") = "E05-BorderControl", "E05-BorderControl\E05-BorderControl.csproj", "{C4FC7ECF-2CD5-49E8-8CAF-90CB31D96111}"
EndProject
Project("{FAE04EC0-301F-11D3-BF4B-00C04F79EFBC}") = "E06-BirthdayCelebrations", "E06-BirthdayCelebrations\E06-BirthdayCelebrations.csproj", "{4FA43BCE-67DC-43B7-A267-BA961C8D7C41}"
EndProject
Project("{FAE04EC0-301F-11D3-BF4B-00C04F79EFBC}") = "E07-FoodShortage", "E07-FoodShortage\E07-FoodShortage.csproj", "{0603301A-DD8C-4F9D-B03E-4C36BAC91F3E}"
EndProject
Project("{FAE04EC0-301F-11D3-BF4B-00C04F79EFBC}") = "E08-MilitaryElite", "E08-MilitaryElite\E08-MilitaryElite.csproj", "{26DA9A19-A19E-4C0A-BE24-E6D366DE6AF5}"
EndProject
Project("{FAE04EC0-301F-11D3-BF4B-00C04F79EFBC}") = "E09-CollectionHierarchy", "E09-CollectionHierarchy\E09-CollectionHierarchy.csproj", "{7D9A9391-F1E0-4A72-B6E0-240DA336E38F}"
EndProject
Project("{FAE04EC0-301F-11D3-BF4B-00C04F79EFBC}") = "E10-ExplicitInterfaces", "E10-ExplicitInterfaces\E10-ExplicitInterfaces.csproj", "{9C88AC1C-EF53-4942-92E7-8B5F17482326}"
EndProject
Global
	GlobalSection(SolutionConfigurationPlatforms) = preSolution
		Debug|Any CPU = Debug|Any CPU
		Release|Any CPU = Release|Any CPU
	EndGlobalSection
	GlobalSection(ProjectConfigurationPlatforms) = postSolution
		{50711F6B-0809-43B4-8A7C-ED6334413E3D}.Debug|Any CPU.ActiveCfg = Debug|Any CPU
		{50711F6B-0809-43B4-8A7C-ED6334413E3D}.Debug|Any CPU.Build.0 = Debug|Any CPU
		{50711F6B-0809-43B4-8A7C-ED6334413E3D}.Release|Any CPU.ActiveCfg = Release|Any CPU
		{50711F6B-0809-43B4-8A7C-ED6334413E3D}.Release|Any CPU.Build.0 = Release|Any CPU
		{A7CEB9E1-3154-4E06-90BC-49E87F74B1BA}.Debug|Any CPU.ActiveCfg = Debug|Any CPU
		{A7CEB9E1-3154-4E06-90BC-49E87F74B1BA}.Debug|Any CPU.Build.0 = Debug|Any CPU
		{A7CEB9E1-3154-4E06-90BC-49E87F74B1BA}.Release|Any CPU.ActiveCfg = Release|Any CPU
		{A7CEB9E1-3154-4E06-90BC-49E87F74B1BA}.Release|Any CPU.Build.0 = Release|Any CPU
		{674FE359-ACC6-4325-B9B6-B0F6A05A02B9}.Debug|Any CPU.ActiveCfg = Debug|Any CPU
		{674FE359-ACC6-4325-B9B6-B0F6A05A02B9}.Debug|Any CPU.Build.0 = Debug|Any CPU
		{674FE359-ACC6-4325-B9B6-B0F6A05A02B9}.Release|Any CPU.ActiveCfg = Release|Any CPU
		{674FE359-ACC6-4325-B9B6-B0F6A05A02B9}.Release|Any CPU.Build.0 = Release|Any CPU
		{A9CDEE73-FD0D-4304-9265-C7EAFD3828B4}.Debug|Any CPU.ActiveCfg = Debug|Any CPU
		{A9CDEE73-FD0D-4304-9265-C7EAFD3828B4}.Debug|Any CPU.Build.0 = Debug|Any CPU
		{A9CDEE73-FD0D-4304-9265-C7EAFD3828B4}.Release|Any CPU.ActiveCfg = Release|Any CPU
		{A9CDEE73-FD0D-4304-9265-C7EAFD3828B4}.Release|Any CPU.Build.0 = Release|Any CPU
		{8289BD5E-4B0D-4D33-BA50-6F41CDA2FA0C}.Debug|Any CPU.ActiveCfg = Debug|Any CPU
		{8289BD5E-4B0D-4D33-BA50-6F41CDA2FA0C}.Debug|Any CPU.Build.0 = Debug|Any CPU
		{8289BD5E-4B0D-4D33-BA50-6F41CDA2FA0C}.Release|Any CPU.ActiveCfg = Release|Any CPU
		{8289BD5E-4B0D-4D33-BA50-6F41CDA2FA0C}.Release|Any CPU.Build.0 = Release|Any CPU
		{BCBA6E5F-F519-4BD6-852A-07F02B823A01}.Debug|Any CPU.ActiveCfg = Debug|Any CPU
		{BCBA6E5F-F519-4BD6-852A-07F02B823A01}.Debug|Any CPU.Build.0 = Debug|Any CPU
		{BCBA6E5F-F519-4BD6-852A-07F02B823A01}.Release|Any CPU.ActiveCfg = Release|Any CPU
		{BCBA6E5F-F519-4BD6-852A-07F02B823A01}.Release|Any CPU.Build.0 = Release|Any CPU
		{C4FC7ECF-2CD5-49E8-8CAF-90CB31D96111}.Debug|Any CPU.ActiveCfg = Debug|Any CPU
		{C4FC7ECF-2CD5-49E8-8CAF-90CB31D96111}.Debug|Any CPU.Build.0 = Debug|Any CPU
		{C4FC7ECF-2CD5-49E8-8CAF-90CB31D96111}.Release|Any CPU.ActiveCfg = Release|Any CPU
		{C4FC7ECF-2CD5-49E8-8CAF-90CB31D96111}.Release|Any CPU.Build.0 = Release|Any CPU
		{4FA43BCE-67DC-43B7-A267-BA961C8D7C41}.Debug|Any CPU.ActiveCfg = Debug|Any CPU
		{4FA43BCE-67DC-43B7-A267-BA961C8D7C41}.Debug|Any CPU.Build.0 = Debug|Any CPU
		{4FA43BCE-67DC-43B7-A267-BA961C8D7C41}.Release|Any CPU.ActiveCfg = Release|Any CPU
		{4FA43BCE-67DC-43B7-A267-BA961C8D7C41}.Release|Any CPU.Build.0 = Release|Any CPU
		{0603301A-DD8C-4F9D-B03E-4C36BAC91F3E}.Debug|Any CPU.ActiveCfg = Debug|Any CPU
		{0603301A-DD8C-4F9D-B03E-4C36BAC91F3E}.Debug|Any CPU.Build.0 = Debug|Any CPU
		{0603301A-DD8C-4F9D-B03E-4C36BAC91F3E}.Release|Any CPU.ActiveCfg = Release|Any CPU
		{0603301A-DD8C-4F9D-B03E-4C36BAC91F3E}.Release|Any CPU.Build.0 = Release|Any CPU
		{26DA9A19-A19E-4C0A-BE24-E6D366DE6AF5}.Debug|Any CPU.ActiveCfg = Debug|Any CPU
		{26DA9A19-A19E-4C0A-BE24-E6D366DE6AF5}.Debug|Any CPU.Build.0 = Debug|Any CPU
		{26DA9A19-A19E-4C0A-BE24-E6D366DE6AF5}.Release|Any CPU.ActiveCfg = Release|Any CPU
		{26DA9A19-A19E-4C0A-BE24-E6D366DE6AF5}.Release|Any CPU.Build.0 = Release|Any CPU
		{7D9A9391-F1E0-4A72-B6E0-240DA336E38F}.Debug|Any CPU.ActiveCfg = Debug|Any CPU
		{7D9A9391-F1E0-4A72-B6E0-240DA336E38F}.Debug|Any CPU.Build.0 = Debug|Any CPU
		{7D9A9391-F1E0-4A72-B6E0-240DA336E38F}.Release|Any CPU.ActiveCfg = Release|Any CPU
		{7D9A9391-F1E0-4A72-B6E0-240DA336E38F}.Release|Any CPU.Build.0 = Release|Any CPU
		{9C88AC1C-EF53-4942-92E7-8B5F17482326}.Debug|Any CPU.ActiveCfg = Debug|Any CPU
		{9C88AC1C-EF53-4942-92E7-8B5F17482326}.Debug|Any CPU.Build.0 = Debug|Any CPU
		{9C88AC1C-EF53-4942-92E7-8B5F17482326}.Release|Any CPU.ActiveCfg = Release|Any CPU
		{9C88AC1C-EF53-4942-92E7-8B5F17482326}.Release|Any CPU.Build.0 = Release|Any CPU
	EndGlobalSection
	GlobalSection(SolutionProperties) = preSolution
		HideSolutionNode = FALSE
	EndGlobalSection
EndGlobal
